
Microsoft Visual Studio Solution File, Format Version 12.00
# Visual Studio Version 17
VisualStudioVersion = 17.5.002.0
MinimumVisualStudioVersion = 10.0.40219.1
Project("{9A19103F-16F7-4668-BE54-9A1E7A4F7556}") = "API", "API\API.csproj", "{5BBDFE88-C2E7-4DC3-902B-24C7463B94C6}"
EndProject
Project("{9A19103F-16F7-4668-BE54-9A1E7A4F7556}") = "API.Tests", "API.Tests\API.Tests.csproj", "{2C363490-E15A-46BB-930E-58C8C452145D}"
EndProject
Global
	GlobalSection(SolutionConfigurationPlatforms) = preSolution
		Debug|Any CPU = Debug|Any CPU
		Release|Any CPU = Release|Any CPU
	EndGlobalSection
	GlobalSection(ProjectConfigurationPlatforms) = postSolution
		{5BBDFE88-C2E7-4DC3-902B-24C7463B94C6}.Debug|Any CPU.ActiveCfg = Debug|Any CPU
		{5BBDFE88-C2E7-4DC3-902B-24C7463B94C6}.Debug|Any CPU.Build.0 = Debug|Any CPU
		{5BBDFE88-C2E7-4DC3-902B-24C7463B94C6}.Release|Any CPU.ActiveCfg = Release|Any CPU
		{5BBDFE88-C2E7-4DC3-902B-24C7463B94C6}.Release|Any CPU.Build.0 = Release|Any CPU
		{2C363490-E15A-46BB-930E-58C8C452145D}.Debug|Any CPU.ActiveCfg = Debug|Any CPU
		{2C363490-E15A-46BB-930E-58C8C452145D}.Debug|Any CPU.Build.0 = Debug|Any CPU
		{2C363490-E15A-46BB-930E-58C8C452145D}.Release|Any CPU.ActiveCfg = Release|Any CPU
		{2C363490-E15A-46BB-930E-58C8C452145D}.Release|Any CPU.Build.0 = Release|Any CPU
	EndGlobalSection
	GlobalSection(SolutionProperties) = preSolution
		HideSolutionNode = FALSE
	EndGlobalSection
	GlobalSection(ExtensibilityGlobals) = postSolution
		SolutionGuid = {6D17A20B-CF23-4E83-8C8A-ABE9BA4834C8}
	EndGlobalSection
EndGlobal
